
Microsoft Visual Studio Solution File, Format Version 12.00
Project("{FAE04EC0-301F-11D3-BF4B-00C04F79EFBC}") = "Monogame.ImGui", "Monogame.ImGui.csproj", "{C43A43C8-7FF1-4A17-ABA7-E3CED213EFBC}"
EndProject
Global
	GlobalSection(SolutionConfigurationPlatforms) = preSolution
		Debug|Any CPU = Debug|Any CPU
		Release|Any CPU = Release|Any CPU
	EndGlobalSection
	GlobalSection(ProjectConfigurationPlatforms) = postSolution
		{C43A43C8-7FF1-4A17-ABA7-E3CED213EFBC}.Debug|Any CPU.ActiveCfg = Debug|Any CPU
		{C43A43C8-7FF1-4A17-ABA7-E3CED213EFBC}.Debug|Any CPU.Build.0 = Debug|Any CPU
		{C43A43C8-7FF1-4A17-ABA7-E3CED213EFBC}.Release|Any CPU.ActiveCfg = Release|Any CPU
		{C43A43C8-7FF1-4A17-ABA7-E3CED213EFBC}.Release|Any CPU.Build.0 = Release|Any CPU
	EndGlobalSection
EndGlobal
